
Microsoft Visual Studio Solution File, Format Version 12.00
# Visual Studio Version 17
VisualStudioVersion = 17.5.2.0
MinimumVisualStudioVersion = 10.0.40219.1
Project("{FAE04EC0-301F-11D3-BF4B-00C04F79EFBC}") = "Ecommerce.Domain", "Ecommerce.Domain\Ecommerce.Domain.csproj", "{17F99BF9-7DFE-F3DF-8AF8-E1F96903B5E4}"
EndProject
Project("{FAE04EC0-301F-11D3-BF4B-00C04F79EFBC}") = "Ecommerce.Infrastructure", "Ecommerce.Infrastructure\Ecommerce.Infrastructure.csproj", "{5FADC3C0-1F67-920F-5C71-8D15AD76BB65}"
EndProject
Project("{FAE04EC0-301F-11D3-BF4B-00C04F79EFBC}") = "Ecommerce.Application", "Ecommerce.Application\Ecommerce.Application.csproj", "{FD4C1BBB-E0EB-4FDD-E1E3-C842D826F36B}"
EndProject
Project("{FAE04EC0-301F-11D3-BF4B-00C04F79EFBC}") = "Ecommerce.Test", "Ecommerce.Test\Ecommerce.Test.csproj", "{F070EEC8-D487-74A3-D190-EFA58AEF47A4}"
EndProject
Project("{FAE04EC0-301F-11D3-BF4B-00C04F79EFBC}") = "Ecommerce.Api", "Ecommerce.Api\Ecommerce.Api.csproj", "{F57E33FB-CDB3-6F39-453C-B2F68A5DC768}"
EndProject
Project("{FAE04EC0-301F-11D3-BF4B-00C04F79EFBC}") = "Ecommerce.Shared", "Ecommerce.Shared\Ecommerce.Shared.csproj", "{0C1B91CC-16BA-4AAD-BCF0-5B2E56B802E5}"
EndProject
Global
	GlobalSection(SolutionConfigurationPlatforms) = preSolution
		Debug|Any CPU = Debug|Any CPU
		Release|Any CPU = Release|Any CPU
	EndGlobalSection
	GlobalSection(ProjectConfigurationPlatforms) = postSolution
		{17F99BF9-7DFE-F3DF-8AF8-E1F96903B5E4}.Debug|Any CPU.ActiveCfg = Debug|Any CPU
		{17F99BF9-7DFE-F3DF-8AF8-E1F96903B5E4}.Debug|Any CPU.Build.0 = Debug|Any CPU
		{17F99BF9-7DFE-F3DF-8AF8-E1F96903B5E4}.Release|Any CPU.ActiveCfg = Release|Any CPU
		{17F99BF9-7DFE-F3DF-8AF8-E1F96903B5E4}.Release|Any CPU.Build.0 = Release|Any CPU
		{5FADC3C0-1F67-920F-5C71-8D15AD76BB65}.Debug|Any CPU.ActiveCfg = Debug|Any CPU
		{5FADC3C0-1F67-920F-5C71-8D15AD76BB65}.Debug|Any CPU.Build.0 = Debug|Any CPU
		{5FADC3C0-1F67-920F-5C71-8D15AD76BB65}.Release|Any CPU.ActiveCfg = Release|Any CPU
		{5FADC3C0-1F67-920F-5C71-8D15AD76BB65}.Release|Any CPU.Build.0 = Release|Any CPU
		{FD4C1BBB-E0EB-4FDD-E1E3-C842D826F36B}.Debug|Any CPU.ActiveCfg = Debug|Any CPU
		{FD4C1BBB-E0EB-4FDD-E1E3-C842D826F36B}.Debug|Any CPU.Build.0 = Debug|Any CPU
		{FD4C1BBB-E0EB-4FDD-E1E3-C842D826F36B}.Release|Any CPU.ActiveCfg = Release|Any CPU
		{FD4C1BBB-E0EB-4FDD-E1E3-C842D826F36B}.Release|Any CPU.Build.0 = Release|Any CPU
		{F070EEC8-D487-74A3-D190-EFA58AEF47A4}.Debug|Any CPU.ActiveCfg = Debug|Any CPU
		{F070EEC8-D487-74A3-D190-EFA58AEF47A4}.Debug|Any CPU.Build.0 = Debug|Any CPU
		{F070EEC8-D487-74A3-D190-EFA58AEF47A4}.Release|Any CPU.ActiveCfg = Release|Any CPU
		{F070EEC8-D487-74A3-D190-EFA58AEF47A4}.Release|Any CPU.Build.0 = Release|Any CPU
		{F57E33FB-CDB3-6F39-453C-B2F68A5DC768}.Debug|Any CPU.ActiveCfg = Debug|Any CPU
		{F57E33FB-CDB3-6F39-453C-B2F68A5DC768}.Debug|Any CPU.Build.0 = Debug|Any CPU
		{F57E33FB-CDB3-6F39-453C-B2F68A5DC768}.Release|Any CPU.ActiveCfg = Release|Any CPU
		{F57E33FB-CDB3-6F39-453C-B2F68A5DC768}.Release|Any CPU.Build.0 = Release|Any CPU
		{0C1B91CC-16BA-4AAD-BCF0-5B2E56B802E5}.Debug|Any CPU.ActiveCfg = Debug|Any CPU
		{0C1B91CC-16BA-4AAD-BCF0-5B2E56B802E5}.Debug|Any CPU.Build.0 = Debug|Any CPU
		{0C1B91CC-16BA-4AAD-BCF0-5B2E56B802E5}.Release|Any CPU.ActiveCfg = Release|Any CPU
		{0C1B91CC-16BA-4AAD-BCF0-5B2E56B802E5}.Release|Any CPU.Build.0 = Release|Any CPU
	EndGlobalSection
	GlobalSection(SolutionProperties) = preSolution
		HideSolutionNode = FALSE
	EndGlobalSection
	GlobalSection(ExtensibilityGlobals) = postSolution
		SolutionGuid = {582B3E17-AF37-4480-B667-00E5666DA3E3}
	EndGlobalSection
EndGlobal
